
Microsoft Visual Studio Solution File, Format Version 12.00
# Visual Studio 2013
VisualStudioVersion = 12.0.31101.0
MinimumVisualStudioVersion = 10.0.40219.1
Project("{FAE04EC0-301F-11D3-BF4B-00C04F79EFBC}") = "PHASCO_WEB", "PHASCO_WEB\PHASCO_WEB.csproj", "{3AA05A64-80DD-4AF0-B709-5889E1956E46}"
EndProject
Project("{FAE04EC0-301F-11D3-BF4B-00C04F79EFBC}") = "Membership_Manage", "Membership_Manage\Membership_Manage.csproj", "{CBE8355D-A172-48AB-9A13-D9340CFBAD8A}"
EndProject
Project("{FAE04EC0-301F-11D3-BF4B-00C04F79EFBC}") = "DataAccessLayer", "DataAccessLayer\DataAccessLayer.csproj", "{D2DBD05E-7275-4807-B190-1349BF7316E4}"
EndProject
Project("{FAE04EC0-301F-11D3-BF4B-00C04F79EFBC}") = "BusinessAccessLayer", "BusinessAccessLayer\BusinessAccessLayer.csproj", "{74FE404F-FC1A-4919-8A55-F3F722D84CD7}"
EndProject
Global
	GlobalSection(SolutionConfigurationPlatforms) = preSolution
		Debug|Any CPU = Debug|Any CPU
		Release|Any CPU = Release|Any CPU
	EndGlobalSection
	GlobalSection(ProjectConfigurationPlatforms) = postSolution
		{3AA05A64-80DD-4AF0-B709-5889E1956E46}.Debug|Any CPU.ActiveCfg = Debug|Any CPU
		{3AA05A64-80DD-4AF0-B709-5889E1956E46}.Debug|Any CPU.Build.0 = Debug|Any CPU
		{3AA05A64-80DD-4AF0-B709-5889E1956E46}.Release|Any CPU.ActiveCfg = Release|Any CPU
		{3AA05A64-80DD-4AF0-B709-5889E1956E46}.Release|Any CPU.Build.0 = Release|Any CPU
		{CBE8355D-A172-48AB-9A13-D9340CFBAD8A}.Debug|Any CPU.ActiveCfg = Debug|Any CPU
		{CBE8355D-A172-48AB-9A13-D9340CFBAD8A}.Debug|Any CPU.Build.0 = Debug|Any CPU
		{CBE8355D-A172-48AB-9A13-D9340CFBAD8A}.Release|Any CPU.ActiveCfg = Release|Any CPU
		{CBE8355D-A172-48AB-9A13-D9340CFBAD8A}.Release|Any CPU.Build.0 = Release|Any CPU
		{D2DBD05E-7275-4807-B190-1349BF7316E4}.Debug|Any CPU.ActiveCfg = Debug|Any CPU
		{D2DBD05E-7275-4807-B190-1349BF7316E4}.Debug|Any CPU.Build.0 = Debug|Any CPU
		{D2DBD05E-7275-4807-B190-1349BF7316E4}.Release|Any CPU.ActiveCfg = Release|Any CPU
		{D2DBD05E-7275-4807-B190-1349BF7316E4}.Release|Any CPU.Build.0 = Release|Any CPU
		{74FE404F-FC1A-4919-8A55-F3F722D84CD7}.Debug|Any CPU.ActiveCfg = Debug|Any CPU
		{74FE404F-FC1A-4919-8A55-F3F722D84CD7}.Debug|Any CPU.Build.0 = Debug|Any CPU
		{74FE404F-FC1A-4919-8A55-F3F722D84CD7}.Release|Any CPU.ActiveCfg = Release|Any CPU
		{74FE404F-FC1A-4919-8A55-F3F722D84CD7}.Release|Any CPU.Build.0 = Release|Any CPU
	EndGlobalSection
	GlobalSection(SolutionProperties) = preSolution
		HideSolutionNode = FALSE
	EndGlobalSection
EndGlobal
